
Microsoft Visual Studio Solution File, Format Version 12.00
# Visual Studio Version 16
VisualStudioVersion = 16.0.31727.386
MinimumVisualStudioVersion = 10.0.40219.1
Project("{9A19103F-16F7-4668-BE54-9A1E7A4F7556}") = "WarehouseRobot", "WarehouseRobot\WarehouseRobot.csproj", "{6576458B-D1AD-4DC6-A56F-DA756E90E5CD}"
EndProject
Global
	GlobalSection(SolutionConfigurationPlatforms) = preSolution
		Debug|Any CPU = Debug|Any CPU
		Release|Any CPU = Release|Any CPU
	EndGlobalSection
	GlobalSection(ProjectConfigurationPlatforms) = postSolution
		{6576458B-D1AD-4DC6-A56F-DA756E90E5CD}.Debug|Any CPU.ActiveCfg = Debug|Any CPU
		{6576458B-D1AD-4DC6-A56F-DA756E90E5CD}.Debug|Any CPU.Build.0 = Debug|Any CPU
		{6576458B-D1AD-4DC6-A56F-DA756E90E5CD}.Release|Any CPU.ActiveCfg = Release|Any CPU
		{6576458B-D1AD-4DC6-A56F-DA756E90E5CD}.Release|Any CPU.Build.0 = Release|Any CPU
	EndGlobalSection
	GlobalSection(SolutionProperties) = preSolution
		HideSolutionNode = FALSE
	EndGlobalSection
	GlobalSection(ExtensibilityGlobals) = postSolution
		SolutionGuid = {6CF2DB46-C210-4362-A8AA-18E513390A91}
	EndGlobalSection
EndGlobal
